
Microsoft Visual Studio Solution File, Format Version 12.00
# Visual Studio Version 17
VisualStudioVersion = 17.2.32616.157
MinimumVisualStudioVersion = 10.0.40219.1
Project("{9A19103F-16F7-4668-BE54-9A1E7A4F7556}") = "Demos.Day1", "Demos.Day1\Demos.Day1.csproj", "{34CA36F6-E171-4905-8E21-4743E75EBB4C}"
EndProject
Project("{9A19103F-16F7-4668-BE54-9A1E7A4F7556}") = "Day1.Models", "Day1.Models\Day1.Models.csproj", "{8376BC3F-458F-4EC4-B237-41B52C2AE4E6}"
EndProject
Project("{9A19103F-16F7-4668-BE54-9A1E7A4F7556}") = "Demos.Day2.Lib", "Demos.Day2.Lib\Demos.Day2.Lib.csproj", "{89B12753-2D47-423C-B19E-B9847D98DA24}"
EndProject
Project("{9A19103F-16F7-4668-BE54-9A1E7A4F7556}") = "Demos.Day2", "Demos.Day2\Demos.Day2.csproj", "{3BFE5E5F-597A-45C6-BF1E-42FA735C5473}"
EndProject
Project("{9A19103F-16F7-4668-BE54-9A1E7A4F7556}") = "Demos.Day3", "Demos.Day3\Demos.Day3.csproj", "{5E696EF9-A65B-44E4-9878-68FC3E266E5A}"
EndProject
Project("{9A19103F-16F7-4668-BE54-9A1E7A4F7556}") = "Demos.Day4.WebApp", "Demos.Day4.WebApp\Demos.Day4.WebApp.csproj", "{1134C691-886D-46FB-A9A0-D0EE5F5FD90F}"
EndProject
Project("{2150E333-8FDC-42A3-9474-1A3956D46DE8}") = "Day4", "Day4", "{9944C05B-F61A-4180-83C7-0D4C99A1A7EC}"
EndProject
Project("{2150E333-8FDC-42A3-9474-1A3956D46DE8}") = "Day1", "Day1", "{E70F3E55-476C-43FE-948B-8D27F3CF2665}"
EndProject
Project("{2150E333-8FDC-42A3-9474-1A3956D46DE8}") = "Day2", "Day2", "{E2207AF7-FF51-470A-800F-568711661A10}"
EndProject
Project("{2150E333-8FDC-42A3-9474-1A3956D46DE8}") = "Day3", "Day3", "{E2173EFE-C775-4DA8-9037-4DBCF28D9526}"
EndProject
Project("{9A19103F-16F7-4668-BE54-9A1E7A4F7556}") = "Demos.Day4.EF", "Demos.Day4.EF\Demos.Day4.EF.csproj", "{AF549415-E1C9-4203-9413-36E20A78A56C}"
EndProject
Project("{FAE04EC0-301F-11D3-BF4B-00C04F79EFBC}") = "Demos.Day4.ConsoleApp", "Demos.Day4.ConsoleApp\Demos.Day4.ConsoleApp.csproj", "{4BE2A1D0-FFE9-4199-A0CD-3D5A2F492F85}"
EndProject
Project("{FAE04EC0-301F-11D3-BF4B-00C04F79EFBC}") = "Demos.Day4.DemoModel", "Demos.Day4.DemoModel\Demos.Day4.DemoModel.csproj", "{5ED0E6C1-1DEB-4D89-9F25-68D9C6DEAD2D}"
EndProject
Project("{FAE04EC0-301F-11D3-BF4B-00C04F79EFBC}") = "Demos.Day4.WebAPI", "Demos.Day4.WebAPI\Demos.Day4.WebAPI.csproj", "{847E75E2-963E-4977-BA64-5DD6A597E206}"
EndProject
Global
	GlobalSection(SolutionConfigurationPlatforms) = preSolution
		Debug|Any CPU = Debug|Any CPU
		Release|Any CPU = Release|Any CPU
	EndGlobalSection
	GlobalSection(ProjectConfigurationPlatforms) = postSolution
		{34CA36F6-E171-4905-8E21-4743E75EBB4C}.Debug|Any CPU.ActiveCfg = Debug|Any CPU
		{34CA36F6-E171-4905-8E21-4743E75EBB4C}.Debug|Any CPU.Build.0 = Debug|Any CPU
		{34CA36F6-E171-4905-8E21-4743E75EBB4C}.Release|Any CPU.ActiveCfg = Release|Any CPU
		{34CA36F6-E171-4905-8E21-4743E75EBB4C}.Release|Any CPU.Build.0 = Release|Any CPU
		{8376BC3F-458F-4EC4-B237-41B52C2AE4E6}.Debug|Any CPU.ActiveCfg = Debug|Any CPU
		{8376BC3F-458F-4EC4-B237-41B52C2AE4E6}.Debug|Any CPU.Build.0 = Debug|Any CPU
		{8376BC3F-458F-4EC4-B237-41B52C2AE4E6}.Release|Any CPU.ActiveCfg = Release|Any CPU
		{8376BC3F-458F-4EC4-B237-41B52C2AE4E6}.Release|Any CPU.Build.0 = Release|Any CPU
		{89B12753-2D47-423C-B19E-B9847D98DA24}.Debug|Any CPU.ActiveCfg = Debug|Any CPU
		{89B12753-2D47-423C-B19E-B9847D98DA24}.Debug|Any CPU.Build.0 = Debug|Any CPU
		{89B12753-2D47-423C-B19E-B9847D98DA24}.Release|Any CPU.ActiveCfg = Release|Any CPU
		{89B12753-2D47-423C-B19E-B9847D98DA24}.Release|Any CPU.Build.0 = Release|Any CPU
		{3BFE5E5F-597A-45C6-BF1E-42FA735C5473}.Debug|Any CPU.ActiveCfg = Debug|Any CPU
		{3BFE5E5F-597A-45C6-BF1E-42FA735C5473}.Debug|Any CPU.Build.0 = Debug|Any CPU
		{3BFE5E5F-597A-45C6-BF1E-42FA735C5473}.Release|Any CPU.ActiveCfg = Release|Any CPU
		{3BFE5E5F-597A-45C6-BF1E-42FA735C5473}.Release|Any CPU.Build.0 = Release|Any CPU
		{5E696EF9-A65B-44E4-9878-68FC3E266E5A}.Debug|Any CPU.ActiveCfg = Debug|Any CPU
		{5E696EF9-A65B-44E4-9878-68FC3E266E5A}.Debug|Any CPU.Build.0 = Debug|Any CPU
		{5E696EF9-A65B-44E4-9878-68FC3E266E5A}.Release|Any CPU.ActiveCfg = Release|Any CPU
		{5E696EF9-A65B-44E4-9878-68FC3E266E5A}.Release|Any CPU.Build.0 = Release|Any CPU
		{1134C691-886D-46FB-A9A0-D0EE5F5FD90F}.Debug|Any CPU.ActiveCfg = Debug|Any CPU
		{1134C691-886D-46FB-A9A0-D0EE5F5FD90F}.Debug|Any CPU.Build.0 = Debug|Any CPU
		{1134C691-886D-46FB-A9A0-D0EE5F5FD90F}.Release|Any CPU.ActiveCfg = Release|Any CPU
		{1134C691-886D-46FB-A9A0-D0EE5F5FD90F}.Release|Any CPU.Build.0 = Release|Any CPU
		{AF549415-E1C9-4203-9413-36E20A78A56C}.Debug|Any CPU.ActiveCfg = Debug|Any CPU
		{AF549415-E1C9-4203-9413-36E20A78A56C}.Debug|Any CPU.Build.0 = Debug|Any CPU
		{AF549415-E1C9-4203-9413-36E20A78A56C}.Release|Any CPU.ActiveCfg = Release|Any CPU
		{AF549415-E1C9-4203-9413-36E20A78A56C}.Release|Any CPU.Build.0 = Release|Any CPU
		{4BE2A1D0-FFE9-4199-A0CD-3D5A2F492F85}.Debug|Any CPU.ActiveCfg = Debug|Any CPU
		{4BE2A1D0-FFE9-4199-A0CD-3D5A2F492F85}.Debug|Any CPU.Build.0 = Debug|Any CPU
		{4BE2A1D0-FFE9-4199-A0CD-3D5A2F492F85}.Release|Any CPU.ActiveCfg = Release|Any CPU
		{4BE2A1D0-FFE9-4199-A0CD-3D5A2F492F85}.Release|Any CPU.Build.0 = Release|Any CPU
		{5ED0E6C1-1DEB-4D89-9F25-68D9C6DEAD2D}.Debug|Any CPU.ActiveCfg = Debug|Any CPU
		{5ED0E6C1-1DEB-4D89-9F25-68D9C6DEAD2D}.Debug|Any CPU.Build.0 = Debug|Any CPU
		{5ED0E6C1-1DEB-4D89-9F25-68D9C6DEAD2D}.Release|Any CPU.ActiveCfg = Release|Any CPU
		{5ED0E6C1-1DEB-4D89-9F25-68D9C6DEAD2D}.Release|Any CPU.Build.0 = Release|Any CPU
		{847E75E2-963E-4977-BA64-5DD6A597E206}.Debug|Any CPU.ActiveCfg = Debug|Any CPU
		{847E75E2-963E-4977-BA64-5DD6A597E206}.Debug|Any CPU.Build.0 = Debug|Any CPU
		{847E75E2-963E-4977-BA64-5DD6A597E206}.Release|Any CPU.ActiveCfg = Release|Any CPU
		{847E75E2-963E-4977-BA64-5DD6A597E206}.Release|Any CPU.Build.0 = Release|Any CPU
	EndGlobalSection
	GlobalSection(SolutionProperties) = preSolution
		HideSolutionNode = FALSE
	EndGlobalSection
	GlobalSection(NestedProjects) = preSolution
		{34CA36F6-E171-4905-8E21-4743E75EBB4C} = {E70F3E55-476C-43FE-948B-8D27F3CF2665}
		{8376BC3F-458F-4EC4-B237-41B52C2AE4E6} = {E70F3E55-476C-43FE-948B-8D27F3CF2665}
		{89B12753-2D47-423C-B19E-B9847D98DA24} = {E2207AF7-FF51-470A-800F-568711661A10}
		{3BFE5E5F-597A-45C6-BF1E-42FA735C5473} = {E2207AF7-FF51-470A-800F-568711661A10}
		{5E696EF9-A65B-44E4-9878-68FC3E266E5A} = {E2173EFE-C775-4DA8-9037-4DBCF28D9526}
		{1134C691-886D-46FB-A9A0-D0EE5F5FD90F} = {9944C05B-F61A-4180-83C7-0D4C99A1A7EC}
		{AF549415-E1C9-4203-9413-36E20A78A56C} = {9944C05B-F61A-4180-83C7-0D4C99A1A7EC}
		{4BE2A1D0-FFE9-4199-A0CD-3D5A2F492F85} = {9944C05B-F61A-4180-83C7-0D4C99A1A7EC}
		{5ED0E6C1-1DEB-4D89-9F25-68D9C6DEAD2D} = {9944C05B-F61A-4180-83C7-0D4C99A1A7EC}
		{847E75E2-963E-4977-BA64-5DD6A597E206} = {9944C05B-F61A-4180-83C7-0D4C99A1A7EC}
	EndGlobalSection
	GlobalSection(ExtensibilityGlobals) = postSolution
		SolutionGuid = {73727845-A408-4EEC-86DC-FC9F55C08857}
	EndGlobalSection
EndGlobal
